
Microsoft Visual Studio Solution File, Format Version 12.00
# Visual Studio Version 17
VisualStudioVersion = 17.0.31903.59
MinimumVisualStudioVersion = 10.0.40219.1
Project("{2150E333-8FDC-42A3-9474-1A3956D46DE8}") = "app", "app", "{28C122F3-6CAB-41CE-864F-AB95535C6A7E}"
EndProject
Project("{FAE04EC0-301F-11D3-BF4B-00C04F79EFBC}") = "ProgramHider", "app\ProgramHider\ProgramHider.csproj", "{D0EF7058-D976-4823-960C-C98803D52BAF}"
EndProject
Global
	GlobalSection(SolutionConfigurationPlatforms) = preSolution
		Debug|Any CPU = Debug|Any CPU
		Release|Any CPU = Release|Any CPU
	EndGlobalSection
	GlobalSection(SolutionProperties) = preSolution
		HideSolutionNode = FALSE
	EndGlobalSection
	GlobalSection(ProjectConfigurationPlatforms) = postSolution
		{D0EF7058-D976-4823-960C-C98803D52BAF}.Debug|Any CPU.ActiveCfg = Debug|Any CPU
		{D0EF7058-D976-4823-960C-C98803D52BAF}.Debug|Any CPU.Build.0 = Debug|Any CPU
		{D0EF7058-D976-4823-960C-C98803D52BAF}.Release|Any CPU.ActiveCfg = Release|Any CPU
		{D0EF7058-D976-4823-960C-C98803D52BAF}.Release|Any CPU.Build.0 = Release|Any CPU
	EndGlobalSection
	GlobalSection(NestedProjects) = preSolution
		{D0EF7058-D976-4823-960C-C98803D52BAF} = {28C122F3-6CAB-41CE-864F-AB95535C6A7E}
	EndGlobalSection
EndGlobal
